
Microsoft Visual Studio Solution File, Format Version 12.00
# Visual Studio Version 17
VisualStudioVersion = 17.9.34902.65
MinimumVisualStudioVersion = 10.0.40219.1
Project("{FAE04EC0-301F-11D3-BF4B-00C04F79EFBC}") = "BlazorApp3", "BlazorApp3\BlazorApp3.csproj", "{2ADAB9FE-6320-44F1-9640-EACCD7109E5C}"
EndProject
Global
	GlobalSection(SolutionConfigurationPlatforms) = preSolution
		Debug|Any CPU = Debug|Any CPU
		Release|Any CPU = Release|Any CPU
	EndGlobalSection
	GlobalSection(ProjectConfigurationPlatforms) = postSolution
		{2ADAB9FE-6320-44F1-9640-EACCD7109E5C}.Debug|Any CPU.ActiveCfg = Debug|Any CPU
		{2ADAB9FE-6320-44F1-9640-EACCD7109E5C}.Debug|Any CPU.Build.0 = Debug|Any CPU
		{2ADAB9FE-6320-44F1-9640-EACCD7109E5C}.Release|Any CPU.ActiveCfg = Release|Any CPU
		{2ADAB9FE-6320-44F1-9640-EACCD7109E5C}.Release|Any CPU.Build.0 = Release|Any CPU
	EndGlobalSection
	GlobalSection(SolutionProperties) = preSolution
		HideSolutionNode = FALSE
	EndGlobalSection
	GlobalSection(ExtensibilityGlobals) = postSolution
		SolutionGuid = {815313BC-F453-486A-92AB-6431B18768F0}
	EndGlobalSection
EndGlobal
